// !$*UTF8*$!
{
	archiveVersion = 1;
	classes = {
	};
	objectVersion = 46;
	objects = {

/* Begin PBXBuildFile section */
		A582E0F11C5CDE45000F22AB /* AppDelegate.swift in Sources */ = {isa = PBXBuildFile; fileRef = A582E0F01C5CDE45000F22AB /* AppDelegate.swift */; };
		A582E0F31C5CDE45000F22AB /* ViewController.swift in Sources */ = {isa = PBXBuildFile; fileRef = A582E0F21C5CDE45000F22AB /* ViewController.swift */; };
		A582E0F61C5CDE45000F22AB /* Main.storyboard in Resources */ = {isa = PBXBuildFile; fileRef = A582E0F41C5CDE45000F22AB /* Main.storyboard */; };
		A582E0F81C5CDE45000F22AB /* Assets.xcassets in Resources */ = {isa = PBXBuildFile; fileRef = A582E0F71C5CDE45000F22AB /* Assets.xcassets */; };
		A582E0FB1C5CDE45000F22AB /* LaunchScreen.storyboard in Resources */ = {isa = PBXBuildFile; fileRef = A582E0F91C5CDE45000F22AB /* LaunchScreen.storyboard */; };
		F4D7AFABE3BAA245907ADF41 /* Pods_ThemeKitDemo.framework in Frameworks */ = {isa = PBXBuildFile; fileRef = 41C6029729E1833118B923C0 /* Pods_ThemeKitDemo.framework */; };
/* End PBXBuildFile section */

/* Begin PBXFileReference section */
		41C6029729E1833118B923C0 /* Pods_ThemeKitDemo.framework */ = {isa = PBXFileReference; explicitFileType = wrapper.framework; includeInIndex = 0; path = Pods_ThemeKitDemo.framework; sourceTree = BUILT_PRODUCTS_DIR; };
		5A7223484F80C858105C3EC6 /* Pods-ThemeKitDemo.release.xcconfig */ = {isa = PBXFileReference; includeInIndex = 1; lastKnownFileType = text.xcconfig; name = "Pods-ThemeKitDemo.release.xcconfig"; path = "Libraries/Pods/Target Support Files/Pods-ThemeKitDemo/Pods-ThemeKitDemo.release.xcconfig"; sourceTree = "<group>"; };
		870449EEC61BE39AC1878166 /* Pods-ThemeKitDemo.debug.xcconfig */ = {isa = PBXFileReference; includeInIndex = 1; lastKnownFileType = text.xcconfig; name = "Pods-ThemeKitDemo.debug.xcconfig"; path = "Libraries/Pods/Target Support Files/Pods-ThemeKitDemo/Pods-ThemeKitDemo.debug.xcconfig"; sourceTree = "<group>"; };
		A582E0ED1C5CDE45000F22AB /* ThemeKitDemo.app */ = {isa = PBXFileReference; explicitFileType = wrapper.application; includeInIndex = 0; path = ThemeKitDemo.app; sourceTree = BUILT_PRODUCTS_DIR; };
		A582E0F01C5CDE45000F22AB /* AppDelegate.swift */ = {isa = PBXFileReference; lastKnownFileType = sourcecode.swift; path = AppDelegate.swift; sourceTree = "<group>"; };
		A582E0F21C5CDE45000F22AB /* ViewController.swift */ = {isa = PBXFileReference; lastKnownFileType = sourcecode.swift; path = ViewController.swift; sourceTree = "<group>"; };
		A582E0F51C5CDE45000F22AB /* Base */ = {isa = PBXFileReference; lastKnownFileType = file.storyboard; name = Base; path = Base.lproj/Main.storyboard; sourceTree = "<group>"; };
		A582E0F71C5CDE45000F22AB /* Assets.xcassets */ = {isa = PBXFileReference; lastKnownFileType = folder.assetcatalog; path = Assets.xcassets; sourceTree = "<group>"; };
		A582E0FA1C5CDE45000F22AB /* Base */ = {isa = PBXFileReference; lastKnownFileType = file.storyboard; name = Base; path = Base.lproj/LaunchScreen.storyboard; sourceTree = "<group>"; };
		A582E0FC1C5CDE45000F22AB /* Info.plist */ = {isa = PBXFileReference; lastKnownFileType = text.plist.xml; path = Info.plist; sourceTree = "<group>"; };
/* End PBXFileReference section */

/* Begin PBXFrameworksBuildPhase section */
		A582E0EA1C5CDE45000F22AB /* Frameworks */ = {
			isa = PBXFrameworksBuildPhase;
			buildActionMask = 2147483647;
			files = (
				F4D7AFABE3BAA245907ADF41 /* Pods_ThemeKitDemo.framework in Frameworks */,
			);
			runOnlyForDeploymentPostprocessing = 0;
		};
/* End PBXFrameworksBuildPhase section */

/* Begin PBXGroup section */
		272A070FC3C31FA0A1830D6C /* Frameworks */ = {
			isa = PBXGroup;
			children = (
				41C6029729E1833118B923C0 /* Pods_ThemeKitDemo.framework */,
			);
			name = Frameworks;
			sourceTree = "<group>";
		};
		6C8E172935B5A633863AF4D6 /* Pods */ = {
			isa = PBXGroup;
			children = (
				870449EEC61BE39AC1878166 /* Pods-ThemeKitDemo.debug.xcconfig */,
				5A7223484F80C858105C3EC6 /* Pods-ThemeKitDemo.release.xcconfig */,
			);
			name = Pods;
			sourceTree = "<group>";
		};
		A582E0E41C5CDE45000F22AB = {
			isa = PBXGroup;
			children = (
				A582E0EF1C5CDE45000F22AB /* ThemeKitDemo */,
				A582E0EE1C5CDE45000F22AB /* Products */,
				6C8E172935B5A633863AF4D6 /* Pods */,
				272A070FC3C31FA0A1830D6C /* Frameworks */,
			);
			sourceTree = "<group>";
		};
		A582E0EE1C5CDE45000F22AB /* Products */ = {
			isa = PBXGroup;
			children = (
				A582E0ED1C5CDE45000F22AB /* ThemeKitDemo.app */,
			);
			name = Products;
			sourceTree = "<group>";
		};
		A582E0EF1C5CDE45000F22AB /* ThemeKitDemo */ = {
			isa = PBXGroup;
			children = (
				A582E0F01C5CDE45000F22AB /* AppDelegate.swift */,
				A582E0F21C5CDE45000F22AB /* ViewController.swift */,
				A582E0F41C5CDE45000F22AB /* Main.storyboard */,
				A582E0F71C5CDE45000F22AB /* Assets.xcassets */,
				A582E0F91C5CDE45000F22AB /* LaunchScreen.storyboard */,
				A582E0FC1C5CDE45000F22AB /* Info.plist */,
			);
			path = ThemeKitDemo;
			sourceTree = "<group>";
		};
/* End PBXGroup section */

/* Begin PBXNativeTarget section */
		A582E0EC1C5CDE45000F22AB /* ThemeKitDemo */ = {
			isa = PBXNativeTarget;
			buildConfigurationList = A582E0FF1C5CDE45000F22AB /* Build configuration list for PBXNativeTarget "ThemeKitDemo" */;
			buildPhases = (
				0D970869FEDA2D8C3119F234 /* Check Pods Manifest.lock */,
				A582E0E91C5CDE45000F22AB /* Sources */,
				A582E0EA1C5CDE45000F22AB /* Frameworks */,
				A582E0EB1C5CDE45000F22AB /* Resources */,
				9495E3AD535181B5F83576BD /* Embed Pods Frameworks */,
				B326E491665A53D5E2D8185E /* Copy Pods Resources */,
			);
			buildRules = (
			);
			dependencies = (
			);
			name = ThemeKitDemo;
			productName = ThemeKitDemo;
			productReference = A582E0ED1C5CDE45000F22AB /* ThemeKitDemo.app */;
			productType = "com.apple.product-type.application";
		};
/* End PBXNativeTarget section */

/* Begin PBXProject section */
		A582E0E51C5CDE45000F22AB /* Project object */ = {
			isa = PBXProject;
			attributes = {
				LastSwiftUpdateCheck = 0720;
				LastUpgradeCheck = 0720;
				ORGANIZATIONNAME = "Josh Campion Development";
				TargetAttributes = {
					A582E0EC1C5CDE45000F22AB = {
						CreatedOnToolsVersion = 7.2;
					};
				};
			};
			buildConfigurationList = A582E0E81C5CDE45000F22AB /* Build configuration list for PBXProject "ThemeKitDemo" */;
			compatibilityVersion = "Xcode 3.2";
			developmentRegion = English;
			hasScannedForEncodings = 0;
			knownRegions = (
				en,
				Base,
			);
			mainGroup = A582E0E41C5CDE45000F22AB;
			productRefGroup = A582E0EE1C5CDE45000F22AB /* Products */;
			projectDirPath = "";
			projectRoot = "";
			targets = (
				A582E0EC1C5CDE45000F22AB /* ThemeKitDemo */,
			);
		};
/* End PBXProject section */

/* Begin PBXResourcesBuildPhase section */
		A582E0EB1C5CDE45000F22AB /* Resources */ = {
			isa = PBXResourcesBuildPhase;
			buildActionMask = 2147483647;
			files = (
				A582E0FB1C5CDE45000F22AB /* LaunchScreen.storyboard in Resources */,
				A582E0F81C5CDE45000F22AB /* Assets.xcassets in Resources */,
				A582E0F61C5CDE45000F22AB /* Main.storyboard in Resources */,
			);
			runOnlyForDeploymentPostprocessing = 0;
		};
/* End PBXResourcesBuildPhase section */

/* Begin PBXShellScriptBuildPhase section */
		0D970869FEDA2D8C3119F234 /* Check Pods Manifest.lock */ = {
			isa = PBXShellScriptBuildPhase;
			buildActionMask = 2147483647;
			files = (
			);
			inputPaths = (
			);
			name = "Check Pods Manifest.lock";
			outputPaths = (
			);
			runOnlyForDeploymentPostprocessing = 0;
			shellPath = /bin/sh;
			shellScript = "diff \"${PODS_ROOT}/../Podfile.lock\" \"${PODS_ROOT}/Manifest.lock\" > /dev/null\nif [[ $? != 0 ]] ; then\n    cat << EOM\nerror: The sandbox is not in sync with the Podfile.lock. Run 'pod install' or update your CocoaPods installation.\nEOM\n    exit 1\nfi\n";
			showEnvVarsInLog = 0;
		};
		9495E3AD535181B5F83576BD /* Embed Pods Frameworks */ = {
			isa = PBXShellScriptBuildPhase;
			buildActionMask = 2147483647;
			files = (
			);
			inputPaths = (
			);
			name = "Embed Pods Frameworks";
			outputPaths = (
			);
			runOnlyForDeploymentPostprocessing = 0;
			shellPath = /bin/sh;
			shellScript = "\"${SRCROOT}/Libraries/Pods/Target Support Files/Pods-ThemeKitDemo/Pods-ThemeKitDemo-frameworks.sh\"\n";
			showEnvVarsInLog = 0;
		};
		B326E491665A53D5E2D8185E /* Copy Pods Resources */ = {
			isa = PBXShellScriptBuildPhase;
			buildActionMask = 2147483647;
			files = (
			);
			inputPaths = (
			);
			name = "Copy Pods Resources";
			outputPaths = (
			);
			runOnlyForDeploymentPostprocessing = 0;
			shellPath = /bin/sh;
			shellScript = "\"${SRCROOT}/Libraries/Pods/Target Support Files/Pods-ThemeKitDemo/Pods-ThemeKitDemo-resources.sh\"\n";
			showEnvVarsInLog = 0;
		};
/* End PBXShellScriptBuildPhase section */

/* Begin PBXSourcesBuildPhase section */
		A582E0E91C5CDE45000F22AB /* Sources */ = {
			isa = PBXSourcesBuildPhase;
			buildActionMask = 2147483647;
			files = (
				A582E0F31C5CDE45000F22AB /* ViewController.swift in Sources */,
				A582E0F11C5CDE45000F22AB /* AppDelegate.swift in Sources */,
			);
			runOnlyForDeploymentPostprocessing = 0;
		};
/* End PBXSourcesBuildPhase section */

/* Begin PBXVariantGroup section */
		A582E0F41C5CDE45000F22AB /* Main.storyboard */ = {
			isa = PBXVariantGroup;
			children = (
				A582E0F51C5CDE45000F22AB /* Base */,
			);
			name = Main.storyboard;
			sourceTree = "<group>";
		};
		A582E0F91C5CDE45000F22AB /* LaunchScreen.storyboard */ = {
			isa = PBXVariantGroup;
			children = (
				A582E0FA1C5CDE45000F22AB /* Base */,
			);
			name = LaunchScreen.storyboard;
			sourceTree = "<group>";
		};
/* End PBXVariantGroup section */

/* Begin XCBuildConfiguration section */
		A582E0FD1C5CDE45000F22AB /* Debug */ = {
			isa = XCBuildConfiguration;
			buildSettings = {
				ALWAYS_SEARCH_USER_PATHS = NO;
				CLANG_CXX_LANGUAGE_STANDARD = "gnu++0x";
				CLANG_CXX_LIBRARY = "libc++";
				CLANG_ENABLE_MODULES = YES;
				CLANG_ENABLE_OBJC_ARC = YES;
				CLANG_WARN_BOOL_CONVERSION = YES;
				CLANG_WARN_CONSTANT_CONVERSION = YES;
				CLANG_WARN_DIRECT_OBJC_ISA_USAGE = YES_ERROR;
				CLANG_WARN_EMPTY_BODY = YES;
				CLANG_WARN_ENUM_CONVERSION = YES;
				CLANG_WARN_INT_CONVERSION = YES;
				CLANG_WARN_OBJC_ROOT_CLASS = YES_ERROR;
				CLANG_WARN_UNREACHABLE_CODE = YES;
				CLANG_WARN__DUPLICATE_METHOD_MATCH = YES;
				"CODE_SIGN_IDENTITY[sdk=iphoneos*]" = "iPhone Developer";
				COPY_PHASE_STRIP = NO;
				DEBUG_INFORMATION_FORMAT = dwarf;
				ENABLE_STRICT_OBJC_MSGSEND = YES;
				ENABLE_TESTABILITY = YES;
				GCC_C_LANGUAGE_STANDARD = gnu99;
				GCC_DYNAMIC_NO_PIC = NO;
				GCC_NO_COMMON_BLOCKS = YES;
				GCC_OPTIMIZATION_LEVEL = 0;
				GCC_PREPROCESSOR_DEFINITIONS = (
					"DEBUG=1",
					"$(inherited)",
				);
				GCC_WARN_64_TO_32_BIT_CONVERSION = YES;
				GCC_WARN_ABOUT_RETURN_TYPE = YES_ERROR;
				GCC_WARN_UNDECLARED_SELECTOR = YES;
				GCC_WARN_UNINITIALIZED_AUTOS = YES_AGGRESSIVE;
				GCC_WARN_UNUSED_FUNCTION = YES;
				GCC_WARN_UNUSED_VARIABLE = YES;
				IPHONEOS_DEPLOYMENT_TARGET = 9.2;
				MTL_ENABLE_DEBUG_INFO = YES;
				ONLY_ACTIVE_ARCH = YES;
				SDKROOT = iphoneos;
				SWIFT_OPTIMIZATION_LEVEL = "-Onone";
				TARGETED_DEVICE_FAMILY = "1,2";
			};
			name = Debug;
		};
		A582E0FE1C5CDE45000F22AB /* Release */ = {
			isa = XCBuildConfiguration;
			buildSettings = {
				ALWAYS_SEARCH_USER_PATHS = NO;
				CLANG_CXX_LANGUAGE_STANDARD = "gnu++0x";
				CLANG_CXX_LIBRARY = "libc++";
				CLANG_ENABLE_MODULES = YES;
				CLANG_ENABLE_OBJC_ARC = YES;
				CLANG_WARN_BOOL_CONVERSION = YES;
				CLANG_WARN_CONSTANT_CONVERSION = YES;
				CLANG_WARN_DIRECT_OBJC_ISA_USAGE = YES_ERROR;
				CLANG_WARN_EMPTY_BODY = YES;
				CLANG_WARN_ENUM_CONVERSION = YES;
				CLANG_WARN_INT_CONVERSION = YES;
				CLANG_WARN_OBJC_ROOT_CLASS = YES_ERROR;
				CLANG_WARN_UNREACHABLE_CODE = YES;
				CLANG_WARN__DUPLICATE_METHOD_MATCH = YES;
				"CODE_SIGN_IDENTITY[sdk=iphoneos*]" = "iPhone Developer";
				COPY_PHASE_STRIP = NO;
				DEBUG_INFORMATION_FORMAT = "dwarf-with-dsym";
				ENABLE_NS_ASSERTIONS = NO;
				ENABLE_STRICT_OBJC_MSGSEND = YES;
				GCC_C_LANGUAGE_STANDARD = gnu99;
				GCC_NO_COMMON_BLOCKS = YES;
				GCC_WARN_64_TO_32_BIT_CONVERSION = YES;
				GCC_WARN_ABOUT_RETURN_TYPE = YES_ERROR;
				GCC_WARN_UNDECLARED_SELECTOR = YES;
				GCC_WARN_UNINITIALIZED_AUTOS = YES_AGGRESSIVE;
				GCC_WARN_UNUSED_FUNCTION = YES;
				GCC_WARN_UNUSED_VARIABLE = YES;
				IPHONEOS_DEPLOYMENT_TARGET = 9.2;
				MTL_ENABLE_DEBUG_INFO = NO;
				SDKROOT = iphoneos;
				TARGETED_DEVICE_FAMILY = "1,2";
				VALIDATE_PRODUCT = YES;
			};
			name = Release;
		};
		A582E1001C5CDE45000F22AB /* Debug */ = {
			isa = XCBuildConfiguration;
			baseConfigurationReference = 870449EEC61BE39AC1878166 /* Pods-ThemeKitDemo.debug.xcconfig */;
			buildSettings = {
				ASSETCATALOG_COMPILER_APPICON_NAME = AppIcon;
				INFOPLIST_FILE = ThemeKitDemo/Info.plist;
				LD_RUNPATH_SEARCH_PATHS = "$(inherited) @executable_path/Frameworks";
				PRODUCT_BUNDLE_IDENTIFIER = uk.co.joshcampion.themekitdemo;
				PRODUCT_NAME = "$(TARGET_NAME)";
			};
			name = Debug;
		};
		A582E1011C5CDE45000F22AB /* Release */ = {
			isa = XCBuildConfiguration;
			baseConfigurationReference = 5A7223484F80C858105C3EC6 /* Pods-ThemeKitDemo.release.xcconfig */;
			buildSettings = {
				ASSETCATALOG_COMPILER_APPICON_NAME = AppIcon;
				INFOPLIST_FILE = ThemeKitDemo/Info.plist;
				LD_RUNPATH_SEARCH_PATHS = "$(inherited) @executable_path/Frameworks";
				PRODUCT_BUNDLE_IDENTIFIER = uk.co.joshcampion.themekitdemo;
				PRODUCT_NAME = "$(TARGET_NAME)";
			};
			name = Release;
		};
/* End XCBuildConfiguration section */

/* Begin XCConfigurationList section */
		A582E0E81C5CDE45000F22AB /* Build configuration list for PBXProject "ThemeKitDemo" */ = {
			isa = XCConfigurationList;
			buildConfigurations = (
				A582E0FD1C5CDE45000F22AB /* Debug */,
				A582E0FE1C5CDE45000F22AB /* Release */,
			);
			defaultConfigurationIsVisible = 0;
			defaultConfigurationName = Release;
		};
		A582E0FF1C5CDE45000F22AB /* Build configuration list for PBXNativeTarget "ThemeKitDemo" */ = {
			isa = XCConfigurationList;
			buildConfigurations = (
				A582E1001C5CDE45000F22AB /* Debug */,
				A582E1011C5CDE45000F22AB /* Release */,
			);
			defaultConfigurationIsVisible = 0;
			defaultConfigurationName = Release;
		};
/* End XCConfigurationList section */
	};
	rootObject = A582E0E51C5CDE45000F22AB /* Project object */;
}
